// !$*UTF8*$!
{
	archiveVersion = 1;
	classes = {
	};
	objectVersion = 56;
	objects = {

/* Begin PBXBuildFile section */
		DED98EF929AE70BD00AD3E47 /* AppDelegate.swift in Sources */ = {isa = PBXBuildFile; fileRef = DED98EF829AE70BD00AD3E47 /* AppDelegate.swift */; };
		DED98EFB29AE70BD00AD3E47 /* SceneDelegate.swift in Sources */ = {isa = PBXBuildFile; fileRef = DED98EFA29AE70BD00AD3E47 /* SceneDelegate.swift */; };
		DED98EFD29AE70BD00AD3E47 /* ViewController.swift in Sources */ = {isa = PBXBuildFile; fileRef = DED98EFC29AE70BD00AD3E47 /* ViewController.swift */; };
		DED98F0029AE70BD00AD3E47 /* Main.storyboard in Resources */ = {isa = PBXBuildFile; fileRef = DED98EFE29AE70BD00AD3E47 /* Main.storyboard */; };
		DED98F0329AE70BD00AD3E47 /* BostaAssessment.xcdatamodeld in Sources */ = {isa = PBXBuildFile; fileRef = DED98F0129AE70BD00AD3E47 /* BostaAssessment.xcdatamodeld */; };
		DED98F0529AE70BF00AD3E47 /* Assets.xcassets in Resources */ = {isa = PBXBuildFile; fileRef = DED98F0429AE70BF00AD3E47 /* Assets.xcassets */; };
		DED98F0829AE70BF00AD3E47 /* LaunchScreen.storyboard in Resources */ = {isa = PBXBuildFile; fileRef = DED98F0629AE70BF00AD3E47 /* LaunchScreen.storyboard */; };
		DED98F1329AE70C000AD3E47 /* BostaAssessmentTests.swift in Sources */ = {isa = PBXBuildFile; fileRef = DED98F1229AE70C000AD3E47 /* BostaAssessmentTests.swift */; };
		DED98F1D29AE70C000AD3E47 /* BostaAssessmentUITests.swift in Sources */ = {isa = PBXBuildFile; fileRef = DED98F1C29AE70C000AD3E47 /* BostaAssessmentUITests.swift */; };
		DED98F1F29AE70C000AD3E47 /* BostaAssessmentUITestsLaunchTests.swift in Sources */ = {isa = PBXBuildFile; fileRef = DED98F1E29AE70C000AD3E47 /* BostaAssessmentUITestsLaunchTests.swift */; };
/* End PBXBuildFile section */

/* Begin PBXContainerItemProxy section */
		DED98F0F29AE70C000AD3E47 /* PBXContainerItemProxy */ = {
			isa = PBXContainerItemProxy;
			containerPortal = DED98EED29AE70BD00AD3E47 /* Project object */;
			proxyType = 1;
			remoteGlobalIDString = DED98EF429AE70BD00AD3E47;
			remoteInfo = BostaAssessment;
		};
		DED98F1929AE70C000AD3E47 /* PBXContainerItemProxy */ = {
			isa = PBXContainerItemProxy;
			containerPortal = DED98EED29AE70BD00AD3E47 /* Project object */;
			proxyType = 1;
			remoteGlobalIDString = DED98EF429AE70BD00AD3E47;
			remoteInfo = BostaAssessment;
		};
/* End PBXContainerItemProxy section */

/* Begin PBXFileReference section */
		DED98EF529AE70BD00AD3E47 /* BostaAssessment.app */ = {isa = PBXFileReference; explicitFileType = wrapper.application; includeInIndex = 0; path = BostaAssessment.app; sourceTree = BUILT_PRODUCTS_DIR; };
		DED98EF829AE70BD00AD3E47 /* AppDelegate.swift */ = {isa = PBXFileReference; lastKnownFileType = sourcecode.swift; path = AppDelegate.swift; sourceTree = "<group>"; };
		DED98EFA29AE70BD00AD3E47 /* SceneDelegate.swift */ = {isa = PBXFileReference; lastKnownFileType = sourcecode.swift; path = SceneDelegate.swift; sourceTree = "<group>"; };
		DED98EFC29AE70BD00AD3E47 /* ViewController.swift */ = {isa = PBXFileReference; lastKnownFileType = sourcecode.swift; path = ViewController.swift; sourceTree = "<group>"; };
		DED98EFF29AE70BD00AD3E47 /* Base */ = {isa = PBXFileReference; lastKnownFileType = file.storyboard; name = Base; path = Base.lproj/Main.storyboard; sourceTree = "<group>"; };
		DED98F0229AE70BD00AD3E47 /* BostaAssessment.xcdatamodel */ = {isa = PBXFileReference; lastKnownFileType = wrapper.xcdatamodel; path = BostaAssessment.xcdatamodel; sourceTree = "<group>"; };
		DED98F0429AE70BF00AD3E47 /* Assets.xcassets */ = {isa = PBXFileReference; lastKnownFileType = folder.assetcatalog; path = Assets.xcassets; sourceTree = "<group>"; };
		DED98F0729AE70BF00AD3E47 /* Base */ = {isa = PBXFileReference; lastKnownFileType = file.storyboard; name = Base; path = Base.lproj/LaunchScreen.storyboard; sourceTree = "<group>"; };
		DED98F0929AE70BF00AD3E47 /* Info.plist */ = {isa = PBXFileReference; lastKnownFileType = text.plist.xml; path = Info.plist; sourceTree = "<group>"; };
		DED98F0E29AE70C000AD3E47 /* BostaAssessmentTests.xctest */ = {isa = PBXFileReference; explicitFileType = wrapper.cfbundle; includeInIndex = 0; path = BostaAssessmentTests.xctest; sourceTree = BUILT_PRODUCTS_DIR; };
		DED98F1229AE70C000AD3E47 /* BostaAssessmentTests.swift */ = {isa = PBXFileReference; lastKnownFileType = sourcecode.swift; path = BostaAssessmentTests.swift; sourceTree = "<group>"; };
		DED98F1829AE70C000AD3E47 /* BostaAssessmentUITests.xctest */ = {isa = PBXFileReference; explicitFileType = wrapper.cfbundle; includeInIndex = 0; path = BostaAssessmentUITests.xctest; sourceTree = BUILT_PRODUCTS_DIR; };
		DED98F1C29AE70C000AD3E47 /* BostaAssessmentUITests.swift */ = {isa = PBXFileReference; lastKnownFileType = sourcecode.swift; path = BostaAssessmentUITests.swift; sourceTree = "<group>"; };
		DED98F1E29AE70C000AD3E47 /* BostaAssessmentUITestsLaunchTests.swift */ = {isa = PBXFileReference; lastKnownFileType = sourcecode.swift; path = BostaAssessmentUITestsLaunchTests.swift; sourceTree = "<group>"; };
/* End PBXFileReference section */

/* Begin PBXFrameworksBuildPhase section */
		DED98EF229AE70BD00AD3E47 /* Frameworks */ = {
			isa = PBXFrameworksBuildPhase;
			buildActionMask = 2147483647;
			files = (
			);
			runOnlyForDeploymentPostprocessing = 0;
		};
		DED98F0B29AE70C000AD3E47 /* Frameworks */ = {
			isa = PBXFrameworksBuildPhase;
			buildActionMask = 2147483647;
			files = (
			);
			runOnlyForDeploymentPostprocessing = 0;
		};
		DED98F1529AE70C000AD3E47 /* Frameworks */ = {
			isa = PBXFrameworksBuildPhase;
			buildActionMask = 2147483647;
			files = (
			);
			runOnlyForDeploymentPostprocessing = 0;
		};
/* End PBXFrameworksBuildPhase section */

/* Begin PBXGroup section */
		DED98EEC29AE70BD00AD3E47 = {
			isa = PBXGroup;
			children = (
				DED98EF729AE70BD00AD3E47 /* BostaAssessment */,
				DED98F1129AE70C000AD3E47 /* BostaAssessmentTests */,
				DED98F1B29AE70C000AD3E47 /* BostaAssessmentUITests */,
				DED98EF629AE70BD00AD3E47 /* Products */,
			);
			sourceTree = "<group>";
		};
		DED98EF629AE70BD00AD3E47 /* Products */ = {
			isa = PBXGroup;
			children = (
				DED98EF529AE70BD00AD3E47 /* BostaAssessment.app */,
				DED98F0E29AE70C000AD3E47 /* BostaAssessmentTests.xctest */,
				DED98F1829AE70C000AD3E47 /* BostaAssessmentUITests.xctest */,
			);
			name = Products;
			sourceTree = "<group>";
		};
		DED98EF729AE70BD00AD3E47 /* BostaAssessment */ = {
			isa = PBXGroup;
			children = (
				DED98EF829AE70BD00AD3E47 /* AppDelegate.swift */,
				DED98EFA29AE70BD00AD3E47 /* SceneDelegate.swift */,
				DED98EFC29AE70BD00AD3E47 /* ViewController.swift */,
				DED98EFE29AE70BD00AD3E47 /* Main.storyboard */,
				DED98F0429AE70BF00AD3E47 /* Assets.xcassets */,
				DED98F0629AE70BF00AD3E47 /* LaunchScreen.storyboard */,
				DED98F0929AE70BF00AD3E47 /* Info.plist */,
				DED98F0129AE70BD00AD3E47 /* BostaAssessment.xcdatamodeld */,
			);
			path = BostaAssessment;
			sourceTree = "<group>";
		};
		DED98F1129AE70C000AD3E47 /* BostaAssessmentTests */ = {
			isa = PBXGroup;
			children = (
				DED98F1229AE70C000AD3E47 /* BostaAssessmentTests.swift */,
			);
			path = BostaAssessmentTests;
			sourceTree = "<group>";
		};
		DED98F1B29AE70C000AD3E47 /* BostaAssessmentUITests */ = {
			isa = PBXGroup;
			children = (
				DED98F1C29AE70C000AD3E47 /* BostaAssessmentUITests.swift */,
				DED98F1E29AE70C000AD3E47 /* BostaAssessmentUITestsLaunchTests.swift */,
			);
			path = BostaAssessmentUITests;
			sourceTree = "<group>";
		};
/* End PBXGroup section */

/* Begin PBXNativeTarget section */
		DED98EF429AE70BD00AD3E47 /* BostaAssessment */ = {
			isa = PBXNativeTarget;
			buildConfigurationList = DED98F2229AE70C000AD3E47 /* Build configuration list for PBXNativeTarget "BostaAssessment" */;
			buildPhases = (
				DED98EF129AE70BD00AD3E47 /* Sources */,
				DED98EF229AE70BD00AD3E47 /* Frameworks */,
				DED98EF329AE70BD00AD3E47 /* Resources */,
			);
			buildRules = (
			);
			dependencies = (
			);
			name = BostaAssessment;
			productName = BostaAssessment;
			productReference = DED98EF529AE70BD00AD3E47 /* BostaAssessment.app */;
			productType = "com.apple.product-type.application";
		};
		DED98F0D29AE70C000AD3E47 /* BostaAssessmentTests */ = {
			isa = PBXNativeTarget;
			buildConfigurationList = DED98F2529AE70C000AD3E47 /* Build configuration list for PBXNativeTarget "BostaAssessmentTests" */;
			buildPhases = (
				DED98F0A29AE70C000AD3E47 /* Sources */,
				DED98F0B29AE70C000AD3E47 /* Frameworks */,
				DED98F0C29AE70C000AD3E47 /* Resources */,
			);
			buildRules = (
			);
			dependencies = (
				DED98F1029AE70C000AD3E47 /* PBXTargetDependency */,
			);
			name = BostaAssessmentTests;
			productName = BostaAssessmentTests;
			productReference = DED98F0E29AE70C000AD3E47 /* BostaAssessmentTests.xctest */;
			productType = "com.apple.product-type.bundle.unit-test";
		};
		DED98F1729AE70C000AD3E47 /* BostaAssessmentUITests */ = {
			isa = PBXNativeTarget;
			buildConfigurationList = DED98F2829AE70C000AD3E47 /* Build configuration list for PBXNativeTarget "BostaAssessmentUITests" */;
			buildPhases = (
				DED98F1429AE70C000AD3E47 /* Sources */,
				DED98F1529AE70C000AD3E47 /* Frameworks */,
				DED98F1629AE70C000AD3E47 /* Resources */,
			);
			buildRules = (
			);
			dependencies = (
				DED98F1A29AE70C000AD3E47 /* PBXTargetDependency */,
			);
			name = BostaAssessmentUITests;
			productName = BostaAssessmentUITests;
			productReference = DED98F1829AE70C000AD3E47 /* BostaAssessmentUITests.xctest */;
			productType = "com.apple.product-type.bundle.ui-testing";
		};
/* End PBXNativeTarget section */

/* Begin PBXProject section */
		DED98EED29AE70BD00AD3E47 /* Project object */ = {
			isa = PBXProject;
			attributes = {
				BuildIndependentTargetsInParallel = 1;
				LastSwiftUpdateCheck = 1420;
				LastUpgradeCheck = 1420;
				TargetAttributes = {
					DED98EF429AE70BD00AD3E47 = {
						CreatedOnToolsVersion = 14.2;
					};
					DED98F0D29AE70C000AD3E47 = {
						CreatedOnToolsVersion = 14.2;
						TestTargetID = DED98EF429AE70BD00AD3E47;
					};
					DED98F1729AE70C000AD3E47 = {
						CreatedOnToolsVersion = 14.2;
						TestTargetID = DED98EF429AE70BD00AD3E47;
					};
				};
			};
			buildConfigurationList = DED98EF029AE70BD00AD3E47 /* Build configuration list for PBXProject "BostaAssessment" */;
			compatibilityVersion = "Xcode 14.0";
			developmentRegion = en;
			hasScannedForEncodings = 0;
			knownRegions = (
				en,
				Base,
			);
			mainGroup = DED98EEC29AE70BD00AD3E47;
			productRefGroup = DED98EF629AE70BD00AD3E47 /* Products */;
			projectDirPath = "";
			projectRoot = "";
			targets = (
				DED98EF429AE70BD00AD3E47 /* BostaAssessment */,
				DED98F0D29AE70C000AD3E47 /* BostaAssessmentTests */,
				DED98F1729AE70C000AD3E47 /* BostaAssessmentUITests */,
			);
		};
/* End PBXProject section */

/* Begin PBXResourcesBuildPhase section */
		DED98EF329AE70BD00AD3E47 /* Resources */ = {
			isa = PBXResourcesBuildPhase;
			buildActionMask = 2147483647;
			files = (
				DED98F0829AE70BF00AD3E47 /* LaunchScreen.storyboard in Resources */,
				DED98F0529AE70BF00AD3E47 /* Assets.xcassets in Resources */,
				DED98F0029AE70BD00AD3E47 /* Main.storyboard in Resources */,
			);
			runOnlyForDeploymentPostprocessing = 0;
		};
		DED98F0C29AE70C000AD3E47 /* Resources */ = {
			isa = PBXResourcesBuildPhase;
			buildActionMask = 2147483647;
			files = (
			);
			runOnlyForDeploymentPostprocessing = 0;
		};
		DED98F1629AE70C000AD3E47 /* Resources */ = {
			isa = PBXResourcesBuildPhase;
			buildActionMask = 2147483647;
			files = (
			);
			runOnlyForDeploymentPostprocessing = 0;
		};
/* End PBXResourcesBuildPhase section */

/* Begin PBXSourcesBuildPhase section */
		DED98EF129AE70BD00AD3E47 /* Sources */ = {
			isa = PBXSourcesBuildPhase;
			buildActionMask = 2147483647;
			files = (
				DED98EFD29AE70BD00AD3E47 /* ViewController.swift in Sources */,
				DED98EF929AE70BD00AD3E47 /* AppDelegate.swift in Sources */,
				DED98EFB29AE70BD00AD3E47 /* SceneDelegate.swift in Sources */,
				DED98F0329AE70BD00AD3E47 /* BostaAssessment.xcdatamodeld in Sources */,
			);
			runOnlyForDeploymentPostprocessing = 0;
		};
		DED98F0A29AE70C000AD3E47 /* Sources */ = {
			isa = PBXSourcesBuildPhase;
			buildActionMask = 2147483647;
			files = (
				DED98F1329AE70C000AD3E47 /* BostaAssessmentTests.swift in Sources */,
			);
			runOnlyForDeploymentPostprocessing = 0;
		};
		DED98F1429AE70C000AD3E47 /* Sources */ = {
			isa = PBXSourcesBuildPhase;
			buildActionMask = 2147483647;
			files = (
				DED98F1F29AE70C000AD3E47 /* BostaAssessmentUITestsLaunchTests.swift in Sources */,
				DED98F1D29AE70C000AD3E47 /* BostaAssessmentUITests.swift in Sources */,
			);
			runOnlyForDeploymentPostprocessing = 0;
		};
/* End PBXSourcesBuildPhase section */

/* Begin PBXTargetDependency section */
		DED98F1029AE70C000AD3E47 /* PBXTargetDependency */ = {
			isa = PBXTargetDependency;
			target = DED98EF429AE70BD00AD3E47 /* BostaAssessment */;
			targetProxy = DED98F0F29AE70C000AD3E47 /* PBXContainerItemProxy */;
		};
		DED98F1A29AE70C000AD3E47 /* PBXTargetDependency */ = {
			isa = PBXTargetDependency;
			target = DED98EF429AE70BD00AD3E47 /* BostaAssessment */;
			targetProxy = DED98F1929AE70C000AD3E47 /* PBXContainerItemProxy */;
		};
/* End PBXTargetDependency section */

/* Begin PBXVariantGroup section */
		DED98EFE29AE70BD00AD3E47 /* Main.storyboard */ = {
			isa = PBXVariantGroup;
			children = (
				DED98EFF29AE70BD00AD3E47 /* Base */,
			);
			name = Main.storyboard;
			sourceTree = "<group>";
		};
		DED98F0629AE70BF00AD3E47 /* LaunchScreen.storyboard */ = {
			isa = PBXVariantGroup;
			children = (
				DED98F0729AE70BF00AD3E47 /* Base */,
			);
			name = LaunchScreen.storyboard;
			sourceTree = "<group>";
		};
/* End PBXVariantGroup section */

/* Begin XCBuildConfiguration section */
		DED98F2029AE70C000AD3E47 /* Debug */ = {
			isa = XCBuildConfiguration;
			buildSettings = {
				ALWAYS_SEARCH_USER_PATHS = NO;
				CLANG_ANALYZER_NONNULL = YES;
				CLANG_ANALYZER_NUMBER_OBJECT_CONVERSION = YES_AGGRESSIVE;
				CLANG_CXX_LANGUAGE_STANDARD = "gnu++20";
				CLANG_ENABLE_MODULES = YES;
				CLANG_ENABLE_OBJC_ARC = YES;
				CLANG_ENABLE_OBJC_WEAK = YES;
				CLANG_WARN_BLOCK_CAPTURE_AUTORELEASING = YES;
				CLANG_WARN_BOOL_CONVERSION = YES;
				CLANG_WARN_COMMA = YES;
				CLANG_WARN_CONSTANT_CONVERSION = YES;
				CLANG_WARN_DEPRECATED_OBJC_IMPLEMENTATIONS = YES;
				CLANG_WARN_DIRECT_OBJC_ISA_USAGE = YES_ERROR;
				CLANG_WARN_DOCUMENTATION_COMMENTS = YES;
				CLANG_WARN_EMPTY_BODY = YES;
				CLANG_WARN_ENUM_CONVERSION = YES;
				CLANG_WARN_INFINITE_RECURSION = YES;
				CLANG_WARN_INT_CONVERSION = YES;
				CLANG_WARN_NON_LITERAL_NULL_CONVERSION = YES;
				CLANG_WARN_OBJC_IMPLICIT_RETAIN_SELF = YES;
				CLANG_WARN_OBJC_LITERAL_CONVERSION = YES;
				CLANG_WARN_OBJC_ROOT_CLASS = YES_ERROR;
				CLANG_WARN_QUOTED_INCLUDE_IN_FRAMEWORK_HEADER = YES;
				CLANG_WARN_RANGE_LOOP_ANALYSIS = YES;
				CLANG_WARN_STRICT_PROTOTYPES = YES;
				CLANG_WARN_SUSPICIOUS_MOVE = YES;
				CLANG_WARN_UNGUARDED_AVAILABILITY = YES_AGGRESSIVE;
				CLANG_WARN_UNREACHABLE_CODE = YES;
				CLANG_WARN__DUPLICATE_METHOD_MATCH = YES;
				COPY_PHASE_STRIP = NO;
				DEBUG_INFORMATION_FORMAT = dwarf;
				ENABLE_STRICT_OBJC_MSGSEND = YES;
				ENABLE_TESTABILITY = YES;
				GCC_C_LANGUAGE_STANDARD = gnu11;
				GCC_DYNAMIC_NO_PIC = NO;
				GCC_NO_COMMON_BLOCKS = YES;
				GCC_OPTIMIZATION_LEVEL = 0;
				GCC_PREPROCESSOR_DEFINITIONS = (
					"DEBUG=1",
					"$(inherited)",
				);
				GCC_WARN_64_TO_32_BIT_CONVERSION = YES;
				GCC_WARN_ABOUT_RETURN_TYPE = YES_ERROR;
				GCC_WARN_UNDECLARED_SELECTOR = YES;
				GCC_WARN_UNINITIALIZED_AUTOS = YES_AGGRESSIVE;
				GCC_WARN_UNUSED_FUNCTION = YES;
				GCC_WARN_UNUSED_VARIABLE = YES;
				IPHONEOS_DEPLOYMENT_TARGET = 16.2;
				MTL_ENABLE_DEBUG_INFO = INCLUDE_SOURCE;
				MTL_FAST_MATH = YES;
				ONLY_ACTIVE_ARCH = YES;
				SDKROOT = iphoneos;
				SWIFT_ACTIVE_COMPILATION_CONDITIONS = DEBUG;
				SWIFT_OPTIMIZATION_LEVEL = "-Onone";
			};
			name = Debug;
		};
		DED98F2129AE70C000AD3E47 /* Release */ = {
			isa = XCBuildConfiguration;
			buildSettings = {
				ALWAYS_SEARCH_USER_PATHS = NO;
				CLANG_ANALYZER_NONNULL = YES;
				CLANG_ANALYZER_NUMBER_OBJECT_CONVERSION = YES_AGGRESSIVE;
				CLANG_CXX_LANGUAGE_STANDARD = "gnu++20";
				CLANG_ENABLE_MODULES = YES;
				CLANG_ENABLE_OBJC_ARC = YES;
				CLANG_ENABLE_OBJC_WEAK = YES;
				CLANG_WARN_BLOCK_CAPTURE_AUTORELEASING = YES;
				CLANG_WARN_BOOL_CONVERSION = YES;
				CLANG_WARN_COMMA = YES;
				CLANG_WARN_CONSTANT_CONVERSION = YES;
				CLANG_WARN_DEPRECATED_OBJC_IMPLEMENTATIONS = YES;
				CLANG_WARN_DIRECT_OBJC_ISA_USAGE = YES_ERROR;
				CLANG_WARN_DOCUMENTATION_COMMENTS = YES;
				CLANG_WARN_EMPTY_BODY = YES;
				CLANG_WARN_ENUM_CONVERSION = YES;
				CLANG_WARN_INFINITE_RECURSION = YES;
				CLANG_WARN_INT_CONVERSION = YES;
				CLANG_WARN_NON_LITERAL_NULL_CONVERSION = YES;
				CLANG_WARN_OBJC_IMPLICIT_RETAIN_SELF = YES;
				CLANG_WARN_OBJC_LITERAL_CONVERSION = YES;
				CLANG_WARN_OBJC_ROOT_CLASS = YES_ERROR;
				CLANG_WARN_QUOTED_INCLUDE_IN_FRAMEWORK_HEADER = YES;
				CLANG_WARN_RANGE_LOOP_ANALYSIS = YES;
				CLANG_WARN_STRICT_PROTOTYPES = YES;
				CLANG_WARN_SUSPICIOUS_MOVE = YES;
				CLANG_WARN_UNGUARDED_AVAILABILITY = YES_AGGRESSIVE;
				CLANG_WARN_UNREACHABLE_CODE = YES;
				CLANG_WARN__DUPLICATE_METHOD_MATCH = YES;
				COPY_PHASE_STRIP = NO;
				DEBUG_INFORMATION_FORMAT = "dwarf-with-dsym";
				ENABLE_NS_ASSERTIONS = NO;
				ENABLE_STRICT_OBJC_MSGSEND = YES;
				GCC_C_LANGUAGE_STANDARD = gnu11;
				GCC_NO_COMMON_BLOCKS = YES;
				GCC_WARN_64_TO_32_BIT_CONVERSION = YES;
				GCC_WARN_ABOUT_RETURN_TYPE = YES_ERROR;
				GCC_WARN_UNDECLARED_SELECTOR = YES;
				GCC_WARN_UNINITIALIZED_AUTOS = YES_AGGRESSIVE;
				GCC_WARN_UNUSED_FUNCTION = YES;
				GCC_WARN_UNUSED_VARIABLE = YES;
				IPHONEOS_DEPLOYMENT_TARGET = 16.2;
				MTL_ENABLE_DEBUG_INFO = NO;
				MTL_FAST_MATH = YES;
				SDKROOT = iphoneos;
				SWIFT_COMPILATION_MODE = wholemodule;
				SWIFT_OPTIMIZATION_LEVEL = "-O";
				VALIDATE_PRODUCT = YES;
			};
			name = Release;
		};
		DED98F2329AE70C000AD3E47 /* Debug */ = {
			isa = XCBuildConfiguration;
			buildSettings = {
				ASSETCATALOG_COMPILER_APPICON_NAME = AppIcon;
				ASSETCATALOG_COMPILER_GLOBAL_ACCENT_COLOR_NAME = AccentColor;
				CODE_SIGN_STYLE = Automatic;
				CURRENT_PROJECT_VERSION = 1;
				DEVELOPMENT_TEAM = 7Y6WH6SYK8;
				GENERATE_INFOPLIST_FILE = YES;
				INFOPLIST_FILE = BostaAssessment/Info.plist;
				INFOPLIST_KEY_UIApplicationSupportsIndirectInputEvents = YES;
				INFOPLIST_KEY_UILaunchStoryboardName = LaunchScreen;
				INFOPLIST_KEY_UIMainStoryboardFile = Main;
				INFOPLIST_KEY_UISupportedInterfaceOrientations_iPad = "UIInterfaceOrientationPortrait UIInterfaceOrientationPortraitUpsideDown UIInterfaceOrientationLandscapeLeft UIInterfaceOrientationLandscapeRight";
				INFOPLIST_KEY_UISupportedInterfaceOrientations_iPhone = "UIInterfaceOrientationPortrait UIInterfaceOrientationLandscapeLeft UIInterfaceOrientationLandscapeRight";
				LD_RUNPATH_SEARCH_PATHS = (
					"$(inherited)",
					"@executable_path/Frameworks",
				);
				MARKETING_VERSION = 1.0;
				PRODUCT_BUNDLE_IDENTIFIER = ITI.BostaAssessment;
				PRODUCT_NAME = "$(TARGET_NAME)";
				SWIFT_EMIT_LOC_STRINGS = YES;
				SWIFT_VERSION = 5.0;
				TARGETED_DEVICE_FAMILY = "1,2";
			};
			name = Debug;
		};
		DED98F2429AE70C000AD3E47 /* Release */ = {
			isa = XCBuildConfiguration;
			buildSettings = {
				ASSETCATALOG_COMPILER_APPICON_NAME = AppIcon;
				ASSETCATALOG_COMPILER_GLOBAL_ACCENT_COLOR_NAME = AccentColor;
				CODE_SIGN_STYLE = Automatic;
				CURRENT_PROJECT_VERSION = 1;
				DEVELOPMENT_TEAM = 7Y6WH6SYK8;
				GENERATE_INFOPLIST_FILE = YES;
				INFOPLIST_FILE = BostaAssessment/Info.plist;
				INFOPLIST_KEY_UIApplicationSupportsIndirectInputEvents = YES;
				INFOPLIST_KEY_UILaunchStoryboardName = LaunchScreen;
				INFOPLIST_KEY_UIMainStoryboardFile = Main;
				INFOPLIST_KEY_UISupportedInterfaceOrientations_iPad = "UIInterfaceOrientationPortrait UIInterfaceOrientationPortraitUpsideDown UIInterfaceOrientationLandscapeLeft UIInterfaceOrientationLandscapeRight";
				INFOPLIST_KEY_UISupportedInterfaceOrientations_iPhone = "UIInterfaceOrientationPortrait UIInterfaceOrientationLandscapeLeft UIInterfaceOrientationLandscapeRight";
				LD_RUNPATH_SEARCH_PATHS = (
					"$(inherited)",
					"@executable_path/Frameworks",
				);
				MARKETING_VERSION = 1.0;
				PRODUCT_BUNDLE_IDENTIFIER = ITI.BostaAssessment;
				PRODUCT_NAME = "$(TARGET_NAME)";
				SWIFT_EMIT_LOC_STRINGS = YES;
				SWIFT_VERSION = 5.0;
				TARGETED_DEVICE_FAMILY = "1,2";
			};
			name = Release;
		};
		DED98F2629AE70C000AD3E47 /* Debug */ = {
			isa = XCBuildConfiguration;
			buildSettings = {
				ALWAYS_EMBED_SWIFT_STANDARD_LIBRARIES = YES;
				BUNDLE_LOADER = "$(TEST_HOST)";
				CODE_SIGN_STYLE = Automatic;
				CURRENT_PROJECT_VERSION = 1;
				DEVELOPMENT_TEAM = 7Y6WH6SYK8;
				GENERATE_INFOPLIST_FILE = YES;
				IPHONEOS_DEPLOYMENT_TARGET = 16.2;
				MARKETING_VERSION = 1.0;
				PRODUCT_BUNDLE_IDENTIFIER = ITI.BostaAssessmentTests;
				PRODUCT_NAME = "$(TARGET_NAME)";
				SWIFT_EMIT_LOC_STRINGS = NO;
				SWIFT_VERSION = 5.0;
				TARGETED_DEVICE_FAMILY = "1,2";
				TEST_HOST = "$(BUILT_PRODUCTS_DIR)/BostaAssessment.app/$(BUNDLE_EXECUTABLE_FOLDER_PATH)/BostaAssessment";
			};
			name = Debug;
		};
		DED98F2729AE70C000AD3E47 /* Release */ = {
			isa = XCBuildConfiguration;
			buildSettings = {
				ALWAYS_EMBED_SWIFT_STANDARD_LIBRARIES = YES;
				BUNDLE_LOADER = "$(TEST_HOST)";
				CODE_SIGN_STYLE = Automatic;
				CURRENT_PROJECT_VERSION = 1;
				DEVELOPMENT_TEAM = 7Y6WH6SYK8;
				GENERATE_INFOPLIST_FILE = YES;
				IPHONEOS_DEPLOYMENT_TARGET = 16.2;
				MARKETING_VERSION = 1.0;
				PRODUCT_BUNDLE_IDENTIFIER = ITI.BostaAssessmentTests;
				PRODUCT_NAME = "$(TARGET_NAME)";
				SWIFT_EMIT_LOC_STRINGS = NO;
				SWIFT_VERSION = 5.0;
				TARGETED_DEVICE_FAMILY = "1,2";
				TEST_HOST = "$(BUILT_PRODUCTS_DIR)/BostaAssessment.app/$(BUNDLE_EXECUTABLE_FOLDER_PATH)/BostaAssessment";
			};
			name = Release;
		};
		DED98F2929AE70C000AD3E47 /* Debug */ = {
			isa = XCBuildConfiguration;
			buildSettings = {
				ALWAYS_EMBED_SWIFT_STANDARD_LIBRARIES = YES;
				CODE_SIGN_STYLE = Automatic;
				CURRENT_PROJECT_VERSION = 1;
				DEVELOPMENT_TEAM = 7Y6WH6SYK8;
				GENERATE_INFOPLIST_FILE = YES;
				MARKETING_VERSION = 1.0;
				PRODUCT_BUNDLE_IDENTIFIER = ITI.BostaAssessmentUITests;
				PRODUCT_NAME = "$(TARGET_NAME)";
				SWIFT_EMIT_LOC_STRINGS = NO;
				SWIFT_VERSION = 5.0;
				TARGETED_DEVICE_FAMILY = "1,2";
				TEST_TARGET_NAME = BostaAssessment;
			};
			name = Debug;
		};
		DED98F2A29AE70C000AD3E47 /* Release */ = {
			isa = XCBuildConfiguration;
			buildSettings = {
				ALWAYS_EMBED_SWIFT_STANDARD_LIBRARIES = YES;
				CODE_SIGN_STYLE = Automatic;
				CURRENT_PROJECT_VERSION = 1;
				DEVELOPMENT_TEAM = 7Y6WH6SYK8;
				GENERATE_INFOPLIST_FILE = YES;
				MARKETING_VERSION = 1.0;
				PRODUCT_BUNDLE_IDENTIFIER = ITI.BostaAssessmentUITests;
				PRODUCT_NAME = "$(TARGET_NAME)";
				SWIFT_EMIT_LOC_STRINGS = NO;
				SWIFT_VERSION = 5.0;
				TARGETED_DEVICE_FAMILY = "1,2";
				TEST_TARGET_NAME = BostaAssessment;
			};
			name = Release;
		};
/* End XCBuildConfiguration section */

/* Begin XCConfigurationList section */
		DED98EF029AE70BD00AD3E47 /* Build configuration list for PBXProject "BostaAssessment" */ = {
			isa = XCConfigurationList;
			buildConfigurations = (
				DED98F2029AE70C000AD3E47 /* Debug */,
				DED98F2129AE70C000AD3E47 /* Release */,
			);
			defaultConfigurationIsVisible = 0;
			defaultConfigurationName = Release;
		};
		DED98F2229AE70C000AD3E47 /* Build configuration list for PBXNativeTarget "BostaAssessment" */ = {
			isa = XCConfigurationList;
			buildConfigurations = (
				DED98F2329AE70C000AD3E47 /* Debug */,
				DED98F2429AE70C000AD3E47 /* Release */,
			);
			defaultConfigurationIsVisible = 0;
			defaultConfigurationName = Release;
		};
		DED98F2529AE70C000AD3E47 /* Build configuration list for PBXNativeTarget "BostaAssessmentTests" */ = {
			isa = XCConfigurationList;
			buildConfigurations = (
				DED98F2629AE70C000AD3E47 /* Debug */,
				DED98F2729AE70C000AD3E47 /* Release */,
			);
			defaultConfigurationIsVisible = 0;
			defaultConfigurationName = Release;
		};
		DED98F2829AE70C000AD3E47 /* Build configuration list for PBXNativeTarget "BostaAssessmentUITests" */ = {
			isa = XCConfigurationList;
			buildConfigurations = (
				DED98F2929AE70C000AD3E47 /* Debug */,
				DED98F2A29AE70C000AD3E47 /* Release */,
			);
			defaultConfigurationIsVisible = 0;
			defaultConfigurationName = Release;
		};
/* End XCConfigurationList section */

/* Begin XCVersionGroup section */
		DED98F0129AE70BD00AD3E47 /* BostaAssessment.xcdatamodeld */ = {
			isa = XCVersionGroup;
			children = (
				DED98F0229AE70BD00AD3E47 /* BostaAssessment.xcdatamodel */,
			);
			currentVersion = DED98F0229AE70BD00AD3E47 /* BostaAssessment.xcdatamodel */;
			path = BostaAssessment.xcdatamodeld;
			sourceTree = "<group>";
			versionGroupType = wrapper.xcdatamodel;
		};
/* End XCVersionGroup section */
	};
	rootObject = DED98EED29AE70BD00AD3E47 /* Project object */;
}
